<?xml version="1.0" encoding="utf-8"?>
<Project ToolsVersion="4.0" xmlns="http://schemas.microsoft.com/developer/msbuild/2003">
  <ItemGroup>
    <Filter Include="Common">
      <UniqueIdentifier>2be27969-6926-4269-9305-be474f874455</UniqueIdentifier>
    </Filter>
    <Filter Include="Assets">
      <UniqueIdentifier>8aabfb26-83d0-4386-ae9b-1375fdb47734</UniqueIdentifier>
    </Filter>
    <Page Include="Common\StandardStyles.xaml">
      <Filter>Common</Filter>
    </Page>
    <Image Include="Assets\Logo.png">
      <Filter>Assets</Filter>
    </Image>
    <Image Include="Assets\SmallLogo.png">
      <Filter>Assets</Filter>
    </Image>
    <Image Include="Assets\StoreLogo.png">
      <Filter>Assets</Filter>
    </Image>
    <Image Include="Assets\SplashScreen.png">
      <Filter>Assets</Filter>
    </Image>
    <Filter Include="SampleData">
      <UniqueIdentifier>{d78db76b-3c16-4f71-9dd2-436f8b11bc59}</UniqueIdentifier>
    </Filter>
    <Filter Include="SampleData\Images">
      <UniqueIdentifier>{755b51f4-14ba-4ed0-9f51-00d2aa8c2a83}</UniqueIdentifier>
    </Filter>
  </ItemGroup>
  <ItemGroup>
    <ApplicationDefinition Include="App.xaml" />
  </ItemGroup>
  <ItemGroup>
    <ClCompile Include="App.xaml.cpp" />
    <ClCompile Include="MainPage.xaml.cpp" />
    <ClCompile Include="pch.cpp" />
    <ClCompile Include="Common\BindableBase.cpp">
      <Filter>Common</Filter>
    </ClCompile>
    <ClCompile Include="Common\BooleanToVisibilityConverter.cpp">
      <Filter>Common</Filter>
    </ClCompile>
    <ClCompile Include="Common\BooleanNegationConverter.cpp">
      <Filter>Common</Filter>
    </ClCompile>
    <ClCompile Include="Common\LayoutAwarePage.cpp">
      <Filter>Common</Filter>
    </ClCompile>
    <ClCompile Include="Common\RichTextColumns.cpp">
      <Filter>Common</Filter>
    </ClCompile>
    <ClCompile Include="Common\SuspensionManager.cpp">
      <Filter>Common</Filter>
    </ClCompile>
    <ClCompile Include="ChatPage.xaml.cpp" />
    <ClCompile Include="TopicSelectPage.xaml.cpp" />
    <ClCompile Include="ItemSource.cpp" />
  </ItemGroup>
  <ItemGroup>
    <ClInclude Include="pch.h" />
    <ClInclude Include="App.xaml.h" />
    <ClInclude Include="MainPage.xaml.h" />
    <ClInclude Include="Common\BindableBase.h">
      <Filter>Common</Filter>
    </ClInclude>
    <ClInclude Include="Common\BooleanToVisibilityConverter.h">
      <Filter>Common</Filter>
    </ClInclude>
    <ClInclude Include="Common\BooleanNegationConverter.h">
      <Filter>Common</Filter>
    </ClInclude>
    <ClInclude Include="Common\LayoutAwarePage.h">
      <Filter>Common</Filter>
    </ClInclude>
    <ClInclude Include="Common\RichTextColumns.h">
      <Filter>Common</Filter>
    </ClInclude>
    <ClInclude Include="Common\SuspensionManager.h">
      <Filter>Common</Filter>
    </ClInclude>
    <ClInclude Include="ChatPage.xaml.h" />
    <ClInclude Include="TopicSelectPage.xaml.h" />
    <ClInclude Include="ItemSource.h" />
  </ItemGroup>
  <ItemGroup>
    <AppxManifest Include="Package.appxmanifest" />
  </ItemGroup>
  <ItemGroup>
    <None Include="Libgroupchat_TemporaryKey.pfx" />
  </ItemGroup>
  <ItemGroup>
    <Image Include="Assets\top_border_left.png">
      <Filter>Assets</Filter>
    </Image>
    <Image Include="SampleData\Images\1.png" />
    <Image Include="SampleData\Images\2.png" />
    <Image Include="SampleData\Images\3.png" />
    <Image Include="SampleData\Images\4.png" />
    <Image Include="SampleData\Images\5.png" />
    <Image Include="SampleData\Images\6.png" />
    <Image Include="SampleData\Images\7.png" />
    <Image Include="SampleData\Images\8.png" />
    <Image Include="SampleData\Images\9.png" />
    <Image Include="SampleData\Images\10.png" />
    <Image Include="SampleData\Images\11.png" />
    <Image Include="SampleData\Images\12.png" />
    <Image Include="SampleData\Images\13.png" />
    <Image Include="SampleData\Images\14.png" />
    <Image Include="SampleData\Images\15.png" />
    <Image Include="SampleData\Images\16.png" />
    <Image Include="SampleData\Images\17.png" />
    <Image Include="SampleData\Images\18.png" />
    <Image Include="SampleData\Images\19.png" />
    <Image Include="SampleData\Images\20.png" />
    <Image Include="SampleData\Images\21.png" />
    <Image Include="SampleData\Images\22.png" />
    <Image Include="SampleData\Images\23.jpg" />
    <Image Include="SampleData\Images\24.jpg" />
    <Image Include="SampleData\Images\25.png" />
    <Image Include="SampleData\Images\26.jpg" />
    <Image Include="SampleData\Images\27.jpg" />
    <Image Include="SampleData\Images\28.jpg" />
  </ItemGroup>
  <ItemGroup>
    <Page Include="MainPage.xaml" />
    <Page Include="TopicSelectPage.xaml" />
    <Page Include="ChatPage.xaml" />
  </ItemGroup>
  <ItemGroup>
    <Text Include="Common\ReadMe.txt">
      <Filter>Common</Filter>
    </Text>
  </ItemGroup>
</Project>